
Microsoft Visual Studio Solution File, Format Version 12.00
# Visual Studio Version 16
VisualStudioVersion = 16.0.30804.86
MinimumVisualStudioVersion = 10.0.40219.1
Project("{FAE04EC0-301F-11D3-BF4B-00C04F79EFBC}") = "UNpaper.Registry.API", "UNpaper.Registry.API\UNpaper.Registry.API.csproj", "{6384AA29-C189-41DF-B6C5-99685E8BDD11}"
EndProject
Global
	GlobalSection(SolutionConfigurationPlatforms) = preSolution
		Debug|Any CPU = Debug|Any CPU
		Release|Any CPU = Release|Any CPU
	EndGlobalSection
	GlobalSection(ProjectConfigurationPlatforms) = postSolution
		{6384AA29-C189-41DF-B6C5-99685E8BDD11}.Debug|Any CPU.ActiveCfg = Debug|Any CPU
		{6384AA29-C189-41DF-B6C5-99685E8BDD11}.Debug|Any CPU.Build.0 = Debug|Any CPU
		{6384AA29-C189-41DF-B6C5-99685E8BDD11}.Release|Any CPU.ActiveCfg = Release|Any CPU
		{6384AA29-C189-41DF-B6C5-99685E8BDD11}.Release|Any CPU.Build.0 = Release|Any CPU
	EndGlobalSection
	GlobalSection(SolutionProperties) = preSolution
		HideSolutionNode = FALSE
	EndGlobalSection
	GlobalSection(ExtensibilityGlobals) = postSolution
		SolutionGuid = {9DC96827-706D-4104-B1B2-F4151F1A04CF}
	EndGlobalSection
EndGlobal
